
Microsoft Visual Studio Solution File, Format Version 12.00
# Visual Studio Version 17
VisualStudioVersion = 17.8.34511.84
MinimumVisualStudioVersion = 10.0.40219.1
Project("{FAE04EC0-301F-11D3-BF4B-00C04F79EFBC}") = "Agency", "Agency\Agency.csproj", "{0E1F5C9F-7B84-4ADD-8313-257BDEEF66BC}"
EndProject
Global
	GlobalSection(SolutionConfigurationPlatforms) = preSolution
		Debug|Any CPU = Debug|Any CPU
		Release|Any CPU = Release|Any CPU
	EndGlobalSection
	GlobalSection(ProjectConfigurationPlatforms) = postSolution
		{0E1F5C9F-7B84-4ADD-8313-257BDEEF66BC}.Debug|Any CPU.ActiveCfg = Debug|Any CPU
		{0E1F5C9F-7B84-4ADD-8313-257BDEEF66BC}.Debug|Any CPU.Build.0 = Debug|Any CPU
		{0E1F5C9F-7B84-4ADD-8313-257BDEEF66BC}.Release|Any CPU.ActiveCfg = Release|Any CPU
		{0E1F5C9F-7B84-4ADD-8313-257BDEEF66BC}.Release|Any CPU.Build.0 = Release|Any CPU
	EndGlobalSection
	GlobalSection(SolutionProperties) = preSolution
		HideSolutionNode = FALSE
	EndGlobalSection
	GlobalSection(ExtensibilityGlobals) = postSolution
		SolutionGuid = {E09DECF1-4299-4175-B96F-43C74052022F}
	EndGlobalSection
EndGlobal
